
Microsoft Visual Studio Solution File, Format Version 12.00
# Visual Studio Version 17
VisualStudioVersion = 17.12.35506.116 d17.12
MinimumVisualStudioVersion = 10.0.40219.1
Project("{FAE04EC0-301F-11D3-BF4B-00C04F79EFBC}") = "Artexitus.ExecutionMicroservice.API", "Artexitus.ExecutionMicroservice.API\Artexitus.ExecutionMicroservice.API.csproj", "{7F6B4BB1-143E-4564-8709-DCD94DE1603A}"
EndProject
Project("{FAE04EC0-301F-11D3-BF4B-00C04F79EFBC}") = "Artexitus.ExecutionMicroservice.Application", "Artexitus.ExecutionMicroservice.Application\Artexitus.ExecutionMicroservice.Application.csproj", "{E6FFB039-049E-4D7F-9EFF-2BB5FDA314B0}"
EndProject
Project("{FAE04EC0-301F-11D3-BF4B-00C04F79EFBC}") = "Artexitus.ExecutionMicroservice.Infrastructure", "Artexitus.ExecutionMicroservice.Infrastructure\Artexitus.ExecutionMicroservice.Infrastructure.csproj", "{48FC39AA-04CF-4405-8C9C-085755B492EE}"
EndProject
Project("{FAE04EC0-301F-11D3-BF4B-00C04F79EFBC}") = "Artexitus.ExecutionMicroservice.Domain", "Artexitus.ExecutionMicroservice.Domain\Artexitus.ExecutionMicroservice.Domain.csproj", "{43A387A7-819A-4C53-B451-8F883895ABD1}"
EndProject
Global
	GlobalSection(SolutionConfigurationPlatforms) = preSolution
		Debug|Any CPU = Debug|Any CPU
		Release|Any CPU = Release|Any CPU
	EndGlobalSection
	GlobalSection(ProjectConfigurationPlatforms) = postSolution
		{7F6B4BB1-143E-4564-8709-DCD94DE1603A}.Debug|Any CPU.ActiveCfg = Debug|Any CPU
		{7F6B4BB1-143E-4564-8709-DCD94DE1603A}.Debug|Any CPU.Build.0 = Debug|Any CPU
		{7F6B4BB1-143E-4564-8709-DCD94DE1603A}.Release|Any CPU.ActiveCfg = Release|Any CPU
		{7F6B4BB1-143E-4564-8709-DCD94DE1603A}.Release|Any CPU.Build.0 = Release|Any CPU
		{E6FFB039-049E-4D7F-9EFF-2BB5FDA314B0}.Debug|Any CPU.ActiveCfg = Debug|Any CPU
		{E6FFB039-049E-4D7F-9EFF-2BB5FDA314B0}.Debug|Any CPU.Build.0 = Debug|Any CPU
		{E6FFB039-049E-4D7F-9EFF-2BB5FDA314B0}.Release|Any CPU.ActiveCfg = Release|Any CPU
		{E6FFB039-049E-4D7F-9EFF-2BB5FDA314B0}.Release|Any CPU.Build.0 = Release|Any CPU
		{48FC39AA-04CF-4405-8C9C-085755B492EE}.Debug|Any CPU.ActiveCfg = Debug|Any CPU
		{48FC39AA-04CF-4405-8C9C-085755B492EE}.Debug|Any CPU.Build.0 = Debug|Any CPU
		{48FC39AA-04CF-4405-8C9C-085755B492EE}.Release|Any CPU.ActiveCfg = Release|Any CPU
		{48FC39AA-04CF-4405-8C9C-085755B492EE}.Release|Any CPU.Build.0 = Release|Any CPU
		{43A387A7-819A-4C53-B451-8F883895ABD1}.Debug|Any CPU.ActiveCfg = Debug|Any CPU
		{43A387A7-819A-4C53-B451-8F883895ABD1}.Debug|Any CPU.Build.0 = Debug|Any CPU
		{43A387A7-819A-4C53-B451-8F883895ABD1}.Release|Any CPU.ActiveCfg = Release|Any CPU
		{43A387A7-819A-4C53-B451-8F883895ABD1}.Release|Any CPU.Build.0 = Release|Any CPU
	EndGlobalSection
	GlobalSection(SolutionProperties) = preSolution
		HideSolutionNode = FALSE
	EndGlobalSection
EndGlobal
